
Microsoft Visual Studio Solution File, Format Version 12.00
Project("{2150E333-8FDC-42A3-9474-1A3956D46DE8}") = "src", "src", "{5AB2733C-61E3-4E08-9A37-03783C1012D1}"
EndProject
Project("{2150E333-8FDC-42A3-9474-1A3956D46DE8}") = "docs", "docs", "{3F29613F-08CB-4FD6-BBD6-337B1EA83CB2}"
	ProjectSection(SolutionItems) = preProject
		docs\updates.md = docs\updates.md
	EndProjectSection
EndProject
Project("{2150E333-8FDC-42A3-9474-1A3956D46DE8}") = "openspec", "openspec", "{E17AF261-83D9-41C7-8D4A-6E1BFB2784E9}"
	ProjectSection(SolutionItems) = preProject
		openspec\project.md = openspec\project.md
		openspec\config.yaml = openspec\config.yaml
	EndProjectSection
EndProject
Project("{FAE04EC0-301F-11D3-BF4B-00C04F79EFBC}") = "MiniBus.Core", "src\MiniBus.Core\MiniBus.Core.csproj", "{DC8FD8D2-667E-40A9-8D52-1E8792447820}"
EndProject
Project("{2150E333-8FDC-42A3-9474-1A3956D46DE8}") = "tests", "tests", "{A6C47CCC-6B68-4764-91C7-F4F9AF5F248B}"
EndProject
Project("{FAE04EC0-301F-11D3-BF4B-00C04F79EFBC}") = "MiniBus.Core.Tests", "tests\MiniBus.Core.Tests\MiniBus.Core.Tests.csproj", "{DE5034F0-C146-4786-96A2-BE7B56B1A9D7}"
EndProject
Global
	GlobalSection(SolutionConfigurationPlatforms) = preSolution
		Debug|Any CPU = Debug|Any CPU
		Release|Any CPU = Release|Any CPU
	EndGlobalSection
	GlobalSection(ProjectConfigurationPlatforms) = postSolution
		{DC8FD8D2-667E-40A9-8D52-1E8792447820}.Debug|Any CPU.ActiveCfg = Debug|Any CPU
		{DC8FD8D2-667E-40A9-8D52-1E8792447820}.Debug|Any CPU.Build.0 = Debug|Any CPU
		{DC8FD8D2-667E-40A9-8D52-1E8792447820}.Release|Any CPU.ActiveCfg = Release|Any CPU
		{DC8FD8D2-667E-40A9-8D52-1E8792447820}.Release|Any CPU.Build.0 = Release|Any CPU
		{DE5034F0-C146-4786-96A2-BE7B56B1A9D7}.Debug|Any CPU.ActiveCfg = Debug|Any CPU
		{DE5034F0-C146-4786-96A2-BE7B56B1A9D7}.Debug|Any CPU.Build.0 = Debug|Any CPU
		{DE5034F0-C146-4786-96A2-BE7B56B1A9D7}.Release|Any CPU.ActiveCfg = Release|Any CPU
		{DE5034F0-C146-4786-96A2-BE7B56B1A9D7}.Release|Any CPU.Build.0 = Release|Any CPU
	EndGlobalSection
	GlobalSection(NestedProjects) = preSolution
		{DC8FD8D2-667E-40A9-8D52-1E8792447820} = {5AB2733C-61E3-4E08-9A37-03783C1012D1}
		{DE5034F0-C146-4786-96A2-BE7B56B1A9D7} = {A6C47CCC-6B68-4764-91C7-F4F9AF5F248B}
	EndGlobalSection
EndGlobal
