
Microsoft Visual Studio Solution File, Format Version 12.00
Project("{2150E333-8FDC-42A3-9474-1A3956D46DE8}") = "src", "src", "{5AB2733C-61E3-4E08-9A37-03783C1012D1}"
EndProject
Project("{2150E333-8FDC-42A3-9474-1A3956D46DE8}") = "docs", "docs", "{3F29613F-08CB-4FD6-BBD6-337B1EA83CB2}"
	ProjectSection(SolutionItems) = preProject
		docs\updates.md = docs\updates.md
	EndProjectSection
EndProject
Project("{2150E333-8FDC-42A3-9474-1A3956D46DE8}") = "openspec", "openspec", "{E17AF261-83D9-41C7-8D4A-6E1BFB2784E9}"
	ProjectSection(SolutionItems) = preProject
		openspec\project.md = openspec\project.md
		openspec\config.yaml = openspec\config.yaml
	EndProjectSection
EndProject
Project("{FAE04EC0-301F-11D3-BF4B-00C04F79EFBC}") = "MiniBus.Core", "src\MiniBus.Core\MiniBus.Core.csproj", "{DC8FD8D2-667E-40A9-8D52-1E8792447820}"
EndProject
Project("{2150E333-8FDC-42A3-9474-1A3956D46DE8}") = "tests", "tests", "{A6C47CCC-6B68-4764-91C7-F4F9AF5F248B}"
EndProject
Project("{FAE04EC0-301F-11D3-BF4B-00C04F79EFBC}") = "MiniBus.Core.Tests", "tests\MiniBus.Core.Tests\MiniBus.Core.Tests.csproj", "{DE5034F0-C146-4786-96A2-BE7B56B1A9D7}"
EndProject
Project("{FAE04EC0-301F-11D3-BF4B-00C04F79EFBC}") = "MiniBus.AzureServiceBus", "src\MiniBus.AzureServiceBus\MiniBus.AzureServiceBus.csproj", "{7268B798-A029-4BA7-8142-FED26B96C5EC}"
EndProject
Project("{FAE04EC0-301F-11D3-BF4B-00C04F79EFBC}") = "MiniBus.AzureServiceBus.Tests", "tests\MiniBus.AzureServiceBus.Tests\MiniBus.AzureServiceBus.Tests.csproj", "{409728D3-D6FE-4356-AFE3-8923F5E4E353}"
EndProject
Project("{FAE04EC0-301F-11D3-BF4B-00C04F79EFBC}") = "MiniBus.AzureFunctions", "src\MiniBus.AzureFunctions\MiniBus.AzureFunctions.csproj", "{095BC85E-1699-464B-B6B3-EC186F4E684F}"
EndProject
Project("{FAE04EC0-301F-11D3-BF4B-00C04F79EFBC}") = "MiniBus.AzureFunctions.Tests", "tests\MiniBus.AzureFunctions.Tests\MiniBus.AzureFunctions.Tests.csproj", "{E44A16AC-8B09-4FE6-B6BB-8C87F5D41319}"
EndProject
Project("{2150E333-8FDC-42A3-9474-1A3956D46DE8}") = "samples", "samples", "{06CC6B02-890E-4302-866B-EF20BBFE700C}"
EndProject
Project("{FAE04EC0-301F-11D3-BF4B-00C04F79EFBC}") = "MiniBus.Persistence.Sql", "src\MiniBus.Persistence.Sql\MiniBus.Persistence.Sql.csproj", "{8B549F5E-2047-4FFA-A45A-916F372F32B0}"
EndProject
Project("{FAE04EC0-301F-11D3-BF4B-00C04F79EFBC}") = "MiniBus.Persistence.Sql.Tests", "tests\MiniBus.Persistence.Sql.Tests\MiniBus.Persistence.Sql.Tests.csproj", "{CFBC43E7-177E-4CBB-8B69-EACF3DA267CA}"
EndProject
Project("{2150E333-8FDC-42A3-9474-1A3956D46DE8}") = "changes", "changes", "{4220A156-3990-40AA-9B10-1102709C68B1}"
EndProject
Project("{2150E333-8FDC-42A3-9474-1A3956D46DE8}") = "specs", "specs", "{10553EE7-71EC-427E-9D54-81E4681E1CD6}"
EndProject
Project("{2150E333-8FDC-42A3-9474-1A3956D46DE8}") = "archive", "archive", "{766648AC-F684-4FEF-BA92-EAADBA49B25E}"
	ProjectSection(SolutionItems) = preProject
		openspec\changes\archive\2026-05-08-add-basic-saga-support\tasks.md = openspec\changes\archive\2026-05-08-add-basic-saga-support\tasks.md
	EndProjectSection
EndProject
Project("{FAE04EC0-301F-11D3-BF4B-00C04F79EFBC}") = "MiniBus.Samples.FunctionApp", "samples\MiniBus.Samples.FunctionApp\MiniBus.Samples.FunctionApp.csproj", "{B8BD1694-58DA-4E22-A3B4-2B9F24ACB40B}"
EndProject
Project("{FAE04EC0-301F-11D3-BF4B-00C04F79EFBC}") = "MiniBus.Persistence.AzureStorage.Tests", "tests\MiniBus.Persistence.AzureStorage.Tests\MiniBus.Persistence.AzureStorage.Tests.csproj", "{354C9126-C812-4AFB-BD33-7B6B6B99629E}"
EndProject
Project("{FAE04EC0-301F-11D3-BF4B-00C04F79EFBC}") = "MiniBus.Persistence.AzureStorage", "src\MiniBus.Persistence.AzureStorage\MiniBus.Persistence.AzureStorage.csproj", "{224C97D2-E48C-43BD-9D6C-5779C33B9AA8}"
EndProject
Project("{FAE04EC0-301F-11D3-BF4B-00C04F79EFBC}") = "MiniBus.AcceptanceTests", "tests\MiniBus.AcceptanceTests\MiniBus.AcceptanceTests.csproj", "{ECB38000-E83F-437B-9FF9-9BB2953E1C9B}"
EndProject
Project("{FAE04EC0-301F-11D3-BF4B-00C04F79EFBC}") = "MiniBus.Testing", "src\MiniBus.Testing\MiniBus.Testing.csproj", "{03DC6EF6-A763-4A16-938E-EC68AB6FBE3C}"
EndProject
Project("{FAE04EC0-301F-11D3-BF4B-00C04F79EFBC}") = "MiniBus.Testing.Tests", "tests\MiniBus.Testing.Tests\MiniBus.Testing.Tests.csproj", "{A5F674F2-39E6-47E7-9F44-A2B5B9D56D18}"
EndProject
Global
	GlobalSection(SolutionConfigurationPlatforms) = preSolution
		Debug|Any CPU = Debug|Any CPU
		Debug|x64 = Debug|x64
		Debug|x86 = Debug|x86
		Release|Any CPU = Release|Any CPU
		Release|x64 = Release|x64
		Release|x86 = Release|x86
	EndGlobalSection
	GlobalSection(ProjectConfigurationPlatforms) = postSolution
		{DC8FD8D2-667E-40A9-8D52-1E8792447820}.Debug|Any CPU.ActiveCfg = Debug|Any CPU
		{DC8FD8D2-667E-40A9-8D52-1E8792447820}.Debug|Any CPU.Build.0 = Debug|Any CPU
		{DC8FD8D2-667E-40A9-8D52-1E8792447820}.Debug|x64.ActiveCfg = Debug|Any CPU
		{DC8FD8D2-667E-40A9-8D52-1E8792447820}.Debug|x64.Build.0 = Debug|Any CPU
		{DC8FD8D2-667E-40A9-8D52-1E8792447820}.Debug|x86.ActiveCfg = Debug|Any CPU
		{DC8FD8D2-667E-40A9-8D52-1E8792447820}.Debug|x86.Build.0 = Debug|Any CPU
		{DC8FD8D2-667E-40A9-8D52-1E8792447820}.Release|Any CPU.ActiveCfg = Release|Any CPU
		{DC8FD8D2-667E-40A9-8D52-1E8792447820}.Release|Any CPU.Build.0 = Release|Any CPU
		{DC8FD8D2-667E-40A9-8D52-1E8792447820}.Release|x64.ActiveCfg = Release|Any CPU
		{DC8FD8D2-667E-40A9-8D52-1E8792447820}.Release|x64.Build.0 = Release|Any CPU
		{DC8FD8D2-667E-40A9-8D52-1E8792447820}.Release|x86.ActiveCfg = Release|Any CPU
		{DC8FD8D2-667E-40A9-8D52-1E8792447820}.Release|x86.Build.0 = Release|Any CPU
		{DE5034F0-C146-4786-96A2-BE7B56B1A9D7}.Debug|Any CPU.ActiveCfg = Debug|Any CPU
		{DE5034F0-C146-4786-96A2-BE7B56B1A9D7}.Debug|Any CPU.Build.0 = Debug|Any CPU
		{DE5034F0-C146-4786-96A2-BE7B56B1A9D7}.Debug|x64.ActiveCfg = Debug|Any CPU
		{DE5034F0-C146-4786-96A2-BE7B56B1A9D7}.Debug|x64.Build.0 = Debug|Any CPU
		{DE5034F0-C146-4786-96A2-BE7B56B1A9D7}.Debug|x86.ActiveCfg = Debug|Any CPU
		{DE5034F0-C146-4786-96A2-BE7B56B1A9D7}.Debug|x86.Build.0 = Debug|Any CPU
		{DE5034F0-C146-4786-96A2-BE7B56B1A9D7}.Release|Any CPU.ActiveCfg = Release|Any CPU
		{DE5034F0-C146-4786-96A2-BE7B56B1A9D7}.Release|Any CPU.Build.0 = Release|Any CPU
		{DE5034F0-C146-4786-96A2-BE7B56B1A9D7}.Release|x64.ActiveCfg = Release|Any CPU
		{DE5034F0-C146-4786-96A2-BE7B56B1A9D7}.Release|x64.Build.0 = Release|Any CPU
		{DE5034F0-C146-4786-96A2-BE7B56B1A9D7}.Release|x86.ActiveCfg = Release|Any CPU
		{DE5034F0-C146-4786-96A2-BE7B56B1A9D7}.Release|x86.Build.0 = Release|Any CPU
		{7268B798-A029-4BA7-8142-FED26B96C5EC}.Debug|Any CPU.ActiveCfg = Debug|Any CPU
		{7268B798-A029-4BA7-8142-FED26B96C5EC}.Debug|Any CPU.Build.0 = Debug|Any CPU
		{7268B798-A029-4BA7-8142-FED26B96C5EC}.Debug|x64.ActiveCfg = Debug|Any CPU
		{7268B798-A029-4BA7-8142-FED26B96C5EC}.Debug|x64.Build.0 = Debug|Any CPU
		{7268B798-A029-4BA7-8142-FED26B96C5EC}.Debug|x86.ActiveCfg = Debug|Any CPU
		{7268B798-A029-4BA7-8142-FED26B96C5EC}.Debug|x86.Build.0 = Debug|Any CPU
		{7268B798-A029-4BA7-8142-FED26B96C5EC}.Release|Any CPU.ActiveCfg = Release|Any CPU
		{7268B798-A029-4BA7-8142-FED26B96C5EC}.Release|Any CPU.Build.0 = Release|Any CPU
		{7268B798-A029-4BA7-8142-FED26B96C5EC}.Release|x64.ActiveCfg = Release|Any CPU
		{7268B798-A029-4BA7-8142-FED26B96C5EC}.Release|x64.Build.0 = Release|Any CPU
		{7268B798-A029-4BA7-8142-FED26B96C5EC}.Release|x86.ActiveCfg = Release|Any CPU
		{7268B798-A029-4BA7-8142-FED26B96C5EC}.Release|x86.Build.0 = Release|Any CPU
		{409728D3-D6FE-4356-AFE3-8923F5E4E353}.Debug|Any CPU.ActiveCfg = Debug|Any CPU
		{409728D3-D6FE-4356-AFE3-8923F5E4E353}.Debug|Any CPU.Build.0 = Debug|Any CPU
		{409728D3-D6FE-4356-AFE3-8923F5E4E353}.Debug|x64.ActiveCfg = Debug|Any CPU
		{409728D3-D6FE-4356-AFE3-8923F5E4E353}.Debug|x64.Build.0 = Debug|Any CPU
		{409728D3-D6FE-4356-AFE3-8923F5E4E353}.Debug|x86.ActiveCfg = Debug|Any CPU
		{409728D3-D6FE-4356-AFE3-8923F5E4E353}.Debug|x86.Build.0 = Debug|Any CPU
		{409728D3-D6FE-4356-AFE3-8923F5E4E353}.Release|Any CPU.ActiveCfg = Release|Any CPU
		{409728D3-D6FE-4356-AFE3-8923F5E4E353}.Release|Any CPU.Build.0 = Release|Any CPU
		{409728D3-D6FE-4356-AFE3-8923F5E4E353}.Release|x64.ActiveCfg = Release|Any CPU
		{409728D3-D6FE-4356-AFE3-8923F5E4E353}.Release|x64.Build.0 = Release|Any CPU
		{409728D3-D6FE-4356-AFE3-8923F5E4E353}.Release|x86.ActiveCfg = Release|Any CPU
		{409728D3-D6FE-4356-AFE3-8923F5E4E353}.Release|x86.Build.0 = Release|Any CPU
		{095BC85E-1699-464B-B6B3-EC186F4E684F}.Debug|Any CPU.ActiveCfg = Debug|Any CPU
		{095BC85E-1699-464B-B6B3-EC186F4E684F}.Debug|Any CPU.Build.0 = Debug|Any CPU
		{095BC85E-1699-464B-B6B3-EC186F4E684F}.Debug|x64.ActiveCfg = Debug|Any CPU
		{095BC85E-1699-464B-B6B3-EC186F4E684F}.Debug|x64.Build.0 = Debug|Any CPU
		{095BC85E-1699-464B-B6B3-EC186F4E684F}.Debug|x86.ActiveCfg = Debug|Any CPU
		{095BC85E-1699-464B-B6B3-EC186F4E684F}.Debug|x86.Build.0 = Debug|Any CPU
		{095BC85E-1699-464B-B6B3-EC186F4E684F}.Release|Any CPU.ActiveCfg = Release|Any CPU
		{095BC85E-1699-464B-B6B3-EC186F4E684F}.Release|Any CPU.Build.0 = Release|Any CPU
		{095BC85E-1699-464B-B6B3-EC186F4E684F}.Release|x64.ActiveCfg = Release|Any CPU
		{095BC85E-1699-464B-B6B3-EC186F4E684F}.Release|x64.Build.0 = Release|Any CPU
		{095BC85E-1699-464B-B6B3-EC186F4E684F}.Release|x86.ActiveCfg = Release|Any CPU
		{095BC85E-1699-464B-B6B3-EC186F4E684F}.Release|x86.Build.0 = Release|Any CPU
		{E44A16AC-8B09-4FE6-B6BB-8C87F5D41319}.Debug|Any CPU.ActiveCfg = Debug|Any CPU
		{E44A16AC-8B09-4FE6-B6BB-8C87F5D41319}.Debug|Any CPU.Build.0 = Debug|Any CPU
		{E44A16AC-8B09-4FE6-B6BB-8C87F5D41319}.Debug|x64.ActiveCfg = Debug|Any CPU
		{E44A16AC-8B09-4FE6-B6BB-8C87F5D41319}.Debug|x64.Build.0 = Debug|Any CPU
		{E44A16AC-8B09-4FE6-B6BB-8C87F5D41319}.Debug|x86.ActiveCfg = Debug|Any CPU
		{E44A16AC-8B09-4FE6-B6BB-8C87F5D41319}.Debug|x86.Build.0 = Debug|Any CPU
		{E44A16AC-8B09-4FE6-B6BB-8C87F5D41319}.Release|Any CPU.ActiveCfg = Release|Any CPU
		{E44A16AC-8B09-4FE6-B6BB-8C87F5D41319}.Release|Any CPU.Build.0 = Release|Any CPU
		{E44A16AC-8B09-4FE6-B6BB-8C87F5D41319}.Release|x64.ActiveCfg = Release|Any CPU
		{E44A16AC-8B09-4FE6-B6BB-8C87F5D41319}.Release|x64.Build.0 = Release|Any CPU
		{E44A16AC-8B09-4FE6-B6BB-8C87F5D41319}.Release|x86.ActiveCfg = Release|Any CPU
		{E44A16AC-8B09-4FE6-B6BB-8C87F5D41319}.Release|x86.Build.0 = Release|Any CPU
		{8B549F5E-2047-4FFA-A45A-916F372F32B0}.Debug|Any CPU.ActiveCfg = Debug|Any CPU
		{8B549F5E-2047-4FFA-A45A-916F372F32B0}.Debug|Any CPU.Build.0 = Debug|Any CPU
		{8B549F5E-2047-4FFA-A45A-916F372F32B0}.Debug|x64.ActiveCfg = Debug|Any CPU
		{8B549F5E-2047-4FFA-A45A-916F372F32B0}.Debug|x64.Build.0 = Debug|Any CPU
		{8B549F5E-2047-4FFA-A45A-916F372F32B0}.Debug|x86.ActiveCfg = Debug|Any CPU
		{8B549F5E-2047-4FFA-A45A-916F372F32B0}.Debug|x86.Build.0 = Debug|Any CPU
		{8B549F5E-2047-4FFA-A45A-916F372F32B0}.Release|Any CPU.ActiveCfg = Release|Any CPU
		{8B549F5E-2047-4FFA-A45A-916F372F32B0}.Release|Any CPU.Build.0 = Release|Any CPU
		{8B549F5E-2047-4FFA-A45A-916F372F32B0}.Release|x64.ActiveCfg = Release|Any CPU
		{8B549F5E-2047-4FFA-A45A-916F372F32B0}.Release|x64.Build.0 = Release|Any CPU
		{8B549F5E-2047-4FFA-A45A-916F372F32B0}.Release|x86.ActiveCfg = Release|Any CPU
		{8B549F5E-2047-4FFA-A45A-916F372F32B0}.Release|x86.Build.0 = Release|Any CPU
		{CFBC43E7-177E-4CBB-8B69-EACF3DA267CA}.Debug|Any CPU.ActiveCfg = Debug|Any CPU
		{CFBC43E7-177E-4CBB-8B69-EACF3DA267CA}.Debug|Any CPU.Build.0 = Debug|Any CPU
		{CFBC43E7-177E-4CBB-8B69-EACF3DA267CA}.Debug|x64.ActiveCfg = Debug|Any CPU
		{CFBC43E7-177E-4CBB-8B69-EACF3DA267CA}.Debug|x64.Build.0 = Debug|Any CPU
		{CFBC43E7-177E-4CBB-8B69-EACF3DA267CA}.Debug|x86.ActiveCfg = Debug|Any CPU
		{CFBC43E7-177E-4CBB-8B69-EACF3DA267CA}.Debug|x86.Build.0 = Debug|Any CPU
		{CFBC43E7-177E-4CBB-8B69-EACF3DA267CA}.Release|Any CPU.ActiveCfg = Release|Any CPU
		{CFBC43E7-177E-4CBB-8B69-EACF3DA267CA}.Release|Any CPU.Build.0 = Release|Any CPU
		{CFBC43E7-177E-4CBB-8B69-EACF3DA267CA}.Release|x64.ActiveCfg = Release|Any CPU
		{CFBC43E7-177E-4CBB-8B69-EACF3DA267CA}.Release|x64.Build.0 = Release|Any CPU
		{CFBC43E7-177E-4CBB-8B69-EACF3DA267CA}.Release|x86.ActiveCfg = Release|Any CPU
		{CFBC43E7-177E-4CBB-8B69-EACF3DA267CA}.Release|x86.Build.0 = Release|Any CPU
		{B8BD1694-58DA-4E22-A3B4-2B9F24ACB40B}.Debug|Any CPU.ActiveCfg = Debug|Any CPU
		{B8BD1694-58DA-4E22-A3B4-2B9F24ACB40B}.Debug|Any CPU.Build.0 = Debug|Any CPU
		{B8BD1694-58DA-4E22-A3B4-2B9F24ACB40B}.Debug|x64.ActiveCfg = Debug|Any CPU
		{B8BD1694-58DA-4E22-A3B4-2B9F24ACB40B}.Debug|x64.Build.0 = Debug|Any CPU
		{B8BD1694-58DA-4E22-A3B4-2B9F24ACB40B}.Debug|x86.ActiveCfg = Debug|Any CPU
		{B8BD1694-58DA-4E22-A3B4-2B9F24ACB40B}.Debug|x86.Build.0 = Debug|Any CPU
		{B8BD1694-58DA-4E22-A3B4-2B9F24ACB40B}.Release|Any CPU.ActiveCfg = Release|Any CPU
		{B8BD1694-58DA-4E22-A3B4-2B9F24ACB40B}.Release|Any CPU.Build.0 = Release|Any CPU
		{B8BD1694-58DA-4E22-A3B4-2B9F24ACB40B}.Release|x64.ActiveCfg = Release|Any CPU
		{B8BD1694-58DA-4E22-A3B4-2B9F24ACB40B}.Release|x64.Build.0 = Release|Any CPU
		{B8BD1694-58DA-4E22-A3B4-2B9F24ACB40B}.Release|x86.ActiveCfg = Release|Any CPU
		{B8BD1694-58DA-4E22-A3B4-2B9F24ACB40B}.Release|x86.Build.0 = Release|Any CPU
		{354C9126-C812-4AFB-BD33-7B6B6B99629E}.Debug|Any CPU.ActiveCfg = Debug|Any CPU
		{354C9126-C812-4AFB-BD33-7B6B6B99629E}.Debug|Any CPU.Build.0 = Debug|Any CPU
		{354C9126-C812-4AFB-BD33-7B6B6B99629E}.Debug|x64.ActiveCfg = Debug|Any CPU
		{354C9126-C812-4AFB-BD33-7B6B6B99629E}.Debug|x64.Build.0 = Debug|Any CPU
		{354C9126-C812-4AFB-BD33-7B6B6B99629E}.Debug|x86.ActiveCfg = Debug|Any CPU
		{354C9126-C812-4AFB-BD33-7B6B6B99629E}.Debug|x86.Build.0 = Debug|Any CPU
		{354C9126-C812-4AFB-BD33-7B6B6B99629E}.Release|Any CPU.ActiveCfg = Release|Any CPU
		{354C9126-C812-4AFB-BD33-7B6B6B99629E}.Release|Any CPU.Build.0 = Release|Any CPU
		{354C9126-C812-4AFB-BD33-7B6B6B99629E}.Release|x64.ActiveCfg = Release|Any CPU
		{354C9126-C812-4AFB-BD33-7B6B6B99629E}.Release|x64.Build.0 = Release|Any CPU
		{354C9126-C812-4AFB-BD33-7B6B6B99629E}.Release|x86.ActiveCfg = Release|Any CPU
		{354C9126-C812-4AFB-BD33-7B6B6B99629E}.Release|x86.Build.0 = Release|Any CPU
		{224C97D2-E48C-43BD-9D6C-5779C33B9AA8}.Debug|Any CPU.ActiveCfg = Debug|Any CPU
		{224C97D2-E48C-43BD-9D6C-5779C33B9AA8}.Debug|Any CPU.Build.0 = Debug|Any CPU
		{224C97D2-E48C-43BD-9D6C-5779C33B9AA8}.Debug|x64.ActiveCfg = Debug|Any CPU
		{224C97D2-E48C-43BD-9D6C-5779C33B9AA8}.Debug|x64.Build.0 = Debug|Any CPU
		{224C97D2-E48C-43BD-9D6C-5779C33B9AA8}.Debug|x86.ActiveCfg = Debug|Any CPU
		{224C97D2-E48C-43BD-9D6C-5779C33B9AA8}.Debug|x86.Build.0 = Debug|Any CPU
		{224C97D2-E48C-43BD-9D6C-5779C33B9AA8}.Release|Any CPU.ActiveCfg = Release|Any CPU
		{224C97D2-E48C-43BD-9D6C-5779C33B9AA8}.Release|Any CPU.Build.0 = Release|Any CPU
		{224C97D2-E48C-43BD-9D6C-5779C33B9AA8}.Release|x64.ActiveCfg = Release|Any CPU
		{224C97D2-E48C-43BD-9D6C-5779C33B9AA8}.Release|x64.Build.0 = Release|Any CPU
		{224C97D2-E48C-43BD-9D6C-5779C33B9AA8}.Release|x86.ActiveCfg = Release|Any CPU
		{224C97D2-E48C-43BD-9D6C-5779C33B9AA8}.Release|x86.Build.0 = Release|Any CPU
		{ECB38000-E83F-437B-9FF9-9BB2953E1C9B}.Debug|Any CPU.ActiveCfg = Debug|Any CPU
		{ECB38000-E83F-437B-9FF9-9BB2953E1C9B}.Debug|Any CPU.Build.0 = Debug|Any CPU
		{ECB38000-E83F-437B-9FF9-9BB2953E1C9B}.Debug|x64.ActiveCfg = Debug|Any CPU
		{ECB38000-E83F-437B-9FF9-9BB2953E1C9B}.Debug|x64.Build.0 = Debug|Any CPU
		{ECB38000-E83F-437B-9FF9-9BB2953E1C9B}.Debug|x86.ActiveCfg = Debug|Any CPU
		{ECB38000-E83F-437B-9FF9-9BB2953E1C9B}.Debug|x86.Build.0 = Debug|Any CPU
		{ECB38000-E83F-437B-9FF9-9BB2953E1C9B}.Release|Any CPU.ActiveCfg = Release|Any CPU
		{ECB38000-E83F-437B-9FF9-9BB2953E1C9B}.Release|Any CPU.Build.0 = Release|Any CPU
		{ECB38000-E83F-437B-9FF9-9BB2953E1C9B}.Release|x64.ActiveCfg = Release|Any CPU
		{ECB38000-E83F-437B-9FF9-9BB2953E1C9B}.Release|x64.Build.0 = Release|Any CPU
		{ECB38000-E83F-437B-9FF9-9BB2953E1C9B}.Release|x86.ActiveCfg = Release|Any CPU
		{ECB38000-E83F-437B-9FF9-9BB2953E1C9B}.Release|x86.Build.0 = Release|Any CPU
		{03DC6EF6-A763-4A16-938E-EC68AB6FBE3C}.Debug|Any CPU.ActiveCfg = Debug|Any CPU
		{03DC6EF6-A763-4A16-938E-EC68AB6FBE3C}.Debug|Any CPU.Build.0 = Debug|Any CPU
		{03DC6EF6-A763-4A16-938E-EC68AB6FBE3C}.Debug|x64.ActiveCfg = Debug|Any CPU
		{03DC6EF6-A763-4A16-938E-EC68AB6FBE3C}.Debug|x64.Build.0 = Debug|Any CPU
		{03DC6EF6-A763-4A16-938E-EC68AB6FBE3C}.Debug|x86.ActiveCfg = Debug|Any CPU
		{03DC6EF6-A763-4A16-938E-EC68AB6FBE3C}.Debug|x86.Build.0 = Debug|Any CPU
		{03DC6EF6-A763-4A16-938E-EC68AB6FBE3C}.Release|Any CPU.ActiveCfg = Release|Any CPU
		{03DC6EF6-A763-4A16-938E-EC68AB6FBE3C}.Release|Any CPU.Build.0 = Release|Any CPU
		{03DC6EF6-A763-4A16-938E-EC68AB6FBE3C}.Release|x64.ActiveCfg = Release|Any CPU
		{03DC6EF6-A763-4A16-938E-EC68AB6FBE3C}.Release|x64.Build.0 = Release|Any CPU
		{03DC6EF6-A763-4A16-938E-EC68AB6FBE3C}.Release|x86.ActiveCfg = Release|Any CPU
		{03DC6EF6-A763-4A16-938E-EC68AB6FBE3C}.Release|x86.Build.0 = Release|Any CPU
		{A5F674F2-39E6-47E7-9F44-A2B5B9D56D18}.Debug|Any CPU.ActiveCfg = Debug|Any CPU
		{A5F674F2-39E6-47E7-9F44-A2B5B9D56D18}.Debug|Any CPU.Build.0 = Debug|Any CPU
		{A5F674F2-39E6-47E7-9F44-A2B5B9D56D18}.Debug|x64.ActiveCfg = Debug|Any CPU
		{A5F674F2-39E6-47E7-9F44-A2B5B9D56D18}.Debug|x64.Build.0 = Debug|Any CPU
		{A5F674F2-39E6-47E7-9F44-A2B5B9D56D18}.Debug|x86.ActiveCfg = Debug|Any CPU
		{A5F674F2-39E6-47E7-9F44-A2B5B9D56D18}.Debug|x86.Build.0 = Debug|Any CPU
		{A5F674F2-39E6-47E7-9F44-A2B5B9D56D18}.Release|Any CPU.ActiveCfg = Release|Any CPU
		{A5F674F2-39E6-47E7-9F44-A2B5B9D56D18}.Release|Any CPU.Build.0 = Release|Any CPU
		{A5F674F2-39E6-47E7-9F44-A2B5B9D56D18}.Release|x64.ActiveCfg = Release|Any CPU
		{A5F674F2-39E6-47E7-9F44-A2B5B9D56D18}.Release|x64.Build.0 = Release|Any CPU
		{A5F674F2-39E6-47E7-9F44-A2B5B9D56D18}.Release|x86.ActiveCfg = Release|Any CPU
		{A5F674F2-39E6-47E7-9F44-A2B5B9D56D18}.Release|x86.Build.0 = Release|Any CPU
	EndGlobalSection
	GlobalSection(SolutionProperties) = preSolution
		HideSolutionNode = FALSE
	EndGlobalSection
	GlobalSection(NestedProjects) = preSolution
		{DC8FD8D2-667E-40A9-8D52-1E8792447820} = {5AB2733C-61E3-4E08-9A37-03783C1012D1}
		{DE5034F0-C146-4786-96A2-BE7B56B1A9D7} = {A6C47CCC-6B68-4764-91C7-F4F9AF5F248B}
		{7268B798-A029-4BA7-8142-FED26B96C5EC} = {5AB2733C-61E3-4E08-9A37-03783C1012D1}
		{409728D3-D6FE-4356-AFE3-8923F5E4E353} = {A6C47CCC-6B68-4764-91C7-F4F9AF5F248B}
		{095BC85E-1699-464B-B6B3-EC186F4E684F} = {5AB2733C-61E3-4E08-9A37-03783C1012D1}
		{E44A16AC-8B09-4FE6-B6BB-8C87F5D41319} = {A6C47CCC-6B68-4764-91C7-F4F9AF5F248B}
		{8B549F5E-2047-4FFA-A45A-916F372F32B0} = {5AB2733C-61E3-4E08-9A37-03783C1012D1}
		{CFBC43E7-177E-4CBB-8B69-EACF3DA267CA} = {A6C47CCC-6B68-4764-91C7-F4F9AF5F248B}
		{4220A156-3990-40AA-9B10-1102709C68B1} = {E17AF261-83D9-41C7-8D4A-6E1BFB2784E9}
		{10553EE7-71EC-427E-9D54-81E4681E1CD6} = {E17AF261-83D9-41C7-8D4A-6E1BFB2784E9}
		{766648AC-F684-4FEF-BA92-EAADBA49B25E} = {4220A156-3990-40AA-9B10-1102709C68B1}
		{B8BD1694-58DA-4E22-A3B4-2B9F24ACB40B} = {06CC6B02-890E-4302-866B-EF20BBFE700C}
		{354C9126-C812-4AFB-BD33-7B6B6B99629E} = {A6C47CCC-6B68-4764-91C7-F4F9AF5F248B}
		{224C97D2-E48C-43BD-9D6C-5779C33B9AA8} = {5AB2733C-61E3-4E08-9A37-03783C1012D1}
		{ECB38000-E83F-437B-9FF9-9BB2953E1C9B} = {A6C47CCC-6B68-4764-91C7-F4F9AF5F248B}
		{03DC6EF6-A763-4A16-938E-EC68AB6FBE3C} = {5AB2733C-61E3-4E08-9A37-03783C1012D1}
		{A5F674F2-39E6-47E7-9F44-A2B5B9D56D18} = {A6C47CCC-6B68-4764-91C7-F4F9AF5F248B}
	EndGlobalSection
EndGlobal
